
Microsoft Visual Studio Solution File, Format Version 12.00
# Visual Studio Version 17
VisualStudioVersion = 17.4.33205.214
MinimumVisualStudioVersion = 10.0.40219.1
Project("{FAE04EC0-301F-11D3-BF4B-00C04F79EFBC}") = "PersonalDiary2", "PersonalDiary2\PersonalDiary2.csproj", "{B0044CD8-4AED-406B-8ED8-1AF21E622CA0}"
EndProject
Global
	GlobalSection(SolutionConfigurationPlatforms) = preSolution
		Debug|Any CPU = Debug|Any CPU
		Release|Any CPU = Release|Any CPU
	EndGlobalSection
	GlobalSection(ProjectConfigurationPlatforms) = postSolution
		{B0044CD8-4AED-406B-8ED8-1AF21E622CA0}.Debug|Any CPU.ActiveCfg = Debug|Any CPU
		{B0044CD8-4AED-406B-8ED8-1AF21E622CA0}.Debug|Any CPU.Build.0 = Debug|Any CPU
		{B0044CD8-4AED-406B-8ED8-1AF21E622CA0}.Release|Any CPU.ActiveCfg = Release|Any CPU
		{B0044CD8-4AED-406B-8ED8-1AF21E622CA0}.Release|Any CPU.Build.0 = Release|Any CPU
	EndGlobalSection
	GlobalSection(SolutionProperties) = preSolution
		HideSolutionNode = FALSE
	EndGlobalSection
	GlobalSection(ExtensibilityGlobals) = postSolution
		SolutionGuid = {5D59A49A-CB67-40FC-A151-B0D553886299}
	EndGlobalSection
EndGlobal
