
Microsoft Visual Studio Solution File, Format Version 12.00
# Visual Studio Version 16
VisualStudioVersion = 16.0.32228.343
MinimumVisualStudioVersion = 10.0.40219.1
Project("{54435603-DBB4-11D2-8724-00A0C9A8B90C}") = "PersonalDiary", "PersonalDiary\PersonalDiary.vdproj", "{291EA10A-4871-4E32-9E9E-865383B0776F}"
EndProject
Global
	GlobalSection(SolutionConfigurationPlatforms) = preSolution
		Debug|Default = Debug|Default
		Release|Default = Release|Default
	EndGlobalSection
	GlobalSection(ProjectConfigurationPlatforms) = postSolution
		{291EA10A-4871-4E32-9E9E-865383B0776F}.Debug|Default.ActiveCfg = Debug
		{291EA10A-4871-4E32-9E9E-865383B0776F}.Debug|Default.Build.0 = Debug
		{291EA10A-4871-4E32-9E9E-865383B0776F}.Release|Default.ActiveCfg = Release
		{291EA10A-4871-4E32-9E9E-865383B0776F}.Release|Default.Build.0 = Release
	EndGlobalSection
	GlobalSection(SolutionProperties) = preSolution
		HideSolutionNode = FALSE
	EndGlobalSection
	GlobalSection(ExtensibilityGlobals) = postSolution
		SolutionGuid = {D0C87DA3-31E4-4B99-9215-2F710DBB74C4}
	EndGlobalSection
EndGlobal
